// !$*UTF8*$!
{
	archiveVersion = 1;
	classes = {
	};
	objectVersion = 46;
	objects = {

/* Begin PBXBuildFile section */
		5331DA921E847EB5009FB93D /* AppDelegate.swift in Sources */ = {isa = PBXBuildFile; fileRef = 5331DA911E847EB5009FB93D /* AppDelegate.swift */; };
		5331DA941E847EB5009FB93D /* ViewController.swift in Sources */ = {isa = PBXBuildFile; fileRef = 5331DA931E847EB5009FB93D /* ViewController.swift */; };
		5331DA971E847EB5009FB93D /* Main.storyboard in Resources */ = {isa = PBXBuildFile; fileRef = 5331DA951E847EB5009FB93D /* Main.storyboard */; };
		5331DA991E847EB5009FB93D /* Assets.xcassets in Resources */ = {isa = PBXBuildFile; fileRef = 5331DA981E847EB5009FB93D /* Assets.xcassets */; };
		5331DA9C1E847EB5009FB93D /* LaunchScreen.storyboard in Resources */ = {isa = PBXBuildFile; fileRef = 5331DA9A1E847EB5009FB93D /* LaunchScreen.storyboard */; };
		5331DAA41E847F56009FB93D /* CanvasViewController.swift in Sources */ = {isa = PBXBuildFile; fileRef = 5331DAA31E847F56009FB93D /* CanvasViewController.swift */; };
/* End PBXBuildFile section */

/* Begin PBXFileReference section */
		5331DA8E1E847EB5009FB93D /* Canvas.app */ = {isa = PBXFileReference; explicitFileType = wrapper.application; includeInIndex = 0; path = Canvas.app; sourceTree = BUILT_PRODUCTS_DIR; };
		5331DA911E847EB5009FB93D /* AppDelegate.swift */ = {isa = PBXFileReference; lastKnownFileType = sourcecode.swift; path = AppDelegate.swift; sourceTree = "<group>"; };
		5331DA931E847EB5009FB93D /* ViewController.swift */ = {isa = PBXFileReference; lastKnownFileType = sourcecode.swift; path = ViewController.swift; sourceTree = "<group>"; };
		5331DA961E847EB5009FB93D /* Base */ = {isa = PBXFileReference; lastKnownFileType = file.storyboard; name = Base; path = Base.lproj/Main.storyboard; sourceTree = "<group>"; };
		5331DA981E847EB5009FB93D /* Assets.xcassets */ = {isa = PBXFileReference; lastKnownFileType = folder.assetcatalog; path = Assets.xcassets; sourceTree = "<group>"; };
		5331DA9B1E847EB5009FB93D /* Base */ = {isa = PBXFileReference; lastKnownFileType = file.storyboard; name = Base; path = Base.lproj/LaunchScreen.storyboard; sourceTree = "<group>"; };
		5331DA9D1E847EB5009FB93D /* Info.plist */ = {isa = PBXFileReference; lastKnownFileType = text.plist.xml; path = Info.plist; sourceTree = "<group>"; };
		5331DAA31E847F56009FB93D /* CanvasViewController.swift */ = {isa = PBXFileReference; fileEncoding = 4; lastKnownFileType = sourcecode.swift; path = CanvasViewController.swift; sourceTree = "<group>"; };
/* End PBXFileReference section */

/* Begin PBXFrameworksBuildPhase section */
		5331DA8B1E847EB5009FB93D /* Frameworks */ = {
			isa = PBXFrameworksBuildPhase;
			buildActionMask = 2147483647;
			files = (
			);
			runOnlyForDeploymentPostprocessing = 0;
		};
/* End PBXFrameworksBuildPhase section */

/* Begin PBXGroup section */
		5331DA851E847EB5009FB93D = {
			isa = PBXGroup;
			children = (
				5331DA901E847EB5009FB93D /* Canvas */,
				5331DA8F1E847EB5009FB93D /* Products */,
			);
			sourceTree = "<group>";
		};
		5331DA8F1E847EB5009FB93D /* Products */ = {
			isa = PBXGroup;
			children = (
				5331DA8E1E847EB5009FB93D /* Canvas.app */,
			);
			name = Products;
			sourceTree = "<group>";
		};
		5331DA901E847EB5009FB93D /* Canvas */ = {
			isa = PBXGroup;
			children = (
				5331DA911E847EB5009FB93D /* AppDelegate.swift */,
				5331DA931E847EB5009FB93D /* ViewController.swift */,
				5331DA951E847EB5009FB93D /* Main.storyboard */,
				5331DA981E847EB5009FB93D /* Assets.xcassets */,
				5331DA9A1E847EB5009FB93D /* LaunchScreen.storyboard */,
				5331DA9D1E847EB5009FB93D /* Info.plist */,
				5331DAA31E847F56009FB93D /* CanvasViewController.swift */,
			);
			path = Canvas;
			sourceTree = "<group>";
		};
/* End PBXGroup section */

/* Begin PBXNativeTarget section */
		5331DA8D1E847EB5009FB93D /* Canvas */ = {
			isa = PBXNativeTarget;
			buildConfigurationList = 5331DAA01E847EB5009FB93D /* Build configuration list for PBXNativeTarget "Canvas" */;
			buildPhases = (
				5331DA8A1E847EB5009FB93D /* Sources */,
				5331DA8B1E847EB5009FB93D /* Frameworks */,
				5331DA8C1E847EB5009FB93D /* Resources */,
			);
			buildRules = (
			);
			dependencies = (
			);
			name = Canvas;
			productName = Canvas;
			productReference = 5331DA8E1E847EB5009FB93D /* Canvas.app */;
			productType = "com.apple.product-type.application";
		};
/* End PBXNativeTarget section */

/* Begin PBXProject section */
		5331DA861E847EB5009FB93D /* Project object */ = {
			isa = PBXProject;
			attributes = {
				LastSwiftUpdateCheck = 0820;
				LastUpgradeCheck = 0820;
				ORGANIZATIONNAME = "Gokul Yenugadhati";
				TargetAttributes = {
					5331DA8D1E847EB5009FB93D = {
						CreatedOnToolsVersion = 8.2.1;
						ProvisioningStyle = Automatic;
					};
				};
			};
			buildConfigurationList = 5331DA891E847EB5009FB93D /* Build configuration list for PBXProject "Canvas" */;
			compatibilityVersion = "Xcode 3.2";
			developmentRegion = English;
			hasScannedForEncodings = 0;
			knownRegions = (
				en,
				Base,
			);
			mainGroup = 5331DA851E847EB5009FB93D;
			productRefGroup = 5331DA8F1E847EB5009FB93D /* Products */;
			projectDirPath = "";
			projectRoot = "";
			targets = (
				5331DA8D1E847EB5009FB93D /* Canvas */,
			);
		};
/* End PBXProject section */

/* Begin PBXResourcesBuildPhase section */
		5331DA8C1E847EB5009FB93D /* Resources */ = {
			isa = PBXResourcesBuildPhase;
			buildActionMask = 2147483647;
			files = (
				5331DA9C1E847EB5009FB93D /* LaunchScreen.storyboard in Resources */,
				5331DA991E847EB5009FB93D /* Assets.xcassets in Resources */,
				5331DA971E847EB5009FB93D /* Main.storyboard in Resources */,
			);
			runOnlyForDeploymentPostprocessing = 0;
		};
/* End PBXResourcesBuildPhase section */

/* Begin PBXSourcesBuildPhase section */
		5331DA8A1E847EB5009FB93D /* Sources */ = {
			isa = PBXSourcesBuildPhase;
			buildActionMask = 2147483647;
			files = (
				5331DA941E847EB5009FB93D /* ViewController.swift in Sources */,
				5331DAA41E847F56009FB93D /* CanvasViewController.swift in Sources */,
				5331DA921E847EB5009FB93D /* AppDelegate.swift in Sources */,
			);
			runOnlyForDeploymentPostprocessing = 0;
		};
/* End PBXSourcesBuildPhase section */

/* Begin PBXVariantGroup section */
		5331DA951E847EB5009FB93D /* Main.storyboard */ = {
			isa = PBXVariantGroup;
			children = (
				5331DA961E847EB5009FB93D /* Base */,
			);
			name = Main.storyboard;
			sourceTree = "<group>";
		};
		5331DA9A1E847EB5009FB93D /* LaunchScreen.storyboard */ = {
			isa = PBXVariantGroup;
			children = (
				5331DA9B1E847EB5009FB93D /* Base */,
			);
			name = LaunchScreen.storyboard;
			sourceTree = "<group>";
		};
/* End PBXVariantGroup section */

/* Begin XCBuildConfiguration section */
		5331DA9E1E847EB5009FB93D /* Debug */ = {
			isa = XCBuildConfiguration;
			buildSettings = {
				ALWAYS_SEARCH_USER_PATHS = NO;
				CLANG_ANALYZER_NONNULL = YES;
				CLANG_CXX_LANGUAGE_STANDARD = "gnu++0x";
				CLANG_CXX_LIBRARY = "libc++";
				CLANG_ENABLE_MODULES = YES;
				CLANG_ENABLE_OBJC_ARC = YES;
				CLANG_WARN_BOOL_CONVERSION = YES;
				CLANG_WARN_CONSTANT_CONVERSION = YES;
				CLANG_WARN_DIRECT_OBJC_ISA_USAGE = YES_ERROR;
				CLANG_WARN_DOCUMENTATION_COMMENTS = YES;
				CLANG_WARN_EMPTY_BODY = YES;
				CLANG_WARN_ENUM_CONVERSION = YES;
				CLANG_WARN_INFINITE_RECURSION = YES;
				CLANG_WARN_INT_CONVERSION = YES;
				CLANG_WARN_OBJC_ROOT_CLASS = YES_ERROR;
				CLANG_WARN_SUSPICIOUS_MOVE = YES;
				CLANG_WARN_UNREACHABLE_CODE = YES;
				CLANG_WARN__DUPLICATE_METHOD_MATCH = YES;
				"CODE_SIGN_IDENTITY[sdk=iphoneos*]" = "iPhone Developer";
				COPY_PHASE_STRIP = NO;
				DEBUG_INFORMATION_FORMAT = dwarf;
				ENABLE_STRICT_OBJC_MSGSEND = YES;
				ENABLE_TESTABILITY = YES;
				GCC_C_LANGUAGE_STANDARD = gnu99;
				GCC_DYNAMIC_NO_PIC = NO;
				GCC_NO_COMMON_BLOCKS = YES;
				GCC_OPTIMIZATION_LEVEL = 0;
				GCC_PREPROCESSOR_DEFINITIONS = (
					"DEBUG=1",
					"$(inherited)",
				);
				GCC_WARN_64_TO_32_BIT_CONVERSION = YES;
				GCC_WARN_ABOUT_RETURN_TYPE = YES_ERROR;
				GCC_WARN_UNDECLARED_SELECTOR = YES;
				GCC_WARN_UNINITIALIZED_AUTOS = YES_AGGRESSIVE;
				GCC_WARN_UNUSED_FUNCTION = YES;
				GCC_WARN_UNUSED_VARIABLE = YES;
				IPHONEOS_DEPLOYMENT_TARGET = 10.2;
				MTL_ENABLE_DEBUG_INFO = YES;
				ONLY_ACTIVE_ARCH = YES;
				SDKROOT = iphoneos;
				SWIFT_ACTIVE_COMPILATION_CONDITIONS = DEBUG;
				SWIFT_OPTIMIZATION_LEVEL = "-Onone";
				TARGETED_DEVICE_FAMILY = "1,2";
			};
			name = Debug;
		};
		5331DA9F1E847EB5009FB93D /* Release */ = {
			isa = XCBuildConfiguration;
			buildSettings = {
				ALWAYS_SEARCH_USER_PATHS = NO;
				CLANG_ANALYZER_NONNULL = YES;
				CLANG_CXX_LANGUAGE_STANDARD = "gnu++0x";
				CLANG_CXX_LIBRARY = "libc++";
				CLANG_ENABLE_MODULES = YES;
				CLANG_ENABLE_OBJC_ARC = YES;
				CLANG_WARN_BOOL_CONVERSION = YES;
				CLANG_WARN_CONSTANT_CONVERSION = YES;
				CLANG_WARN_DIRECT_OBJC_ISA_USAGE = YES_ERROR;
				CLANG_WARN_DOCUMENTATION_COMMENTS = YES;
				CLANG_WARN_EMPTY_BODY = YES;
				CLANG_WARN_ENUM_CONVERSION = YES;
				CLANG_WARN_INFINITE_RECURSION = YES;
				CLANG_WARN_INT_CONVERSION = YES;
				CLANG_WARN_OBJC_ROOT_CLASS = YES_ERROR;
				CLANG_WARN_SUSPICIOUS_MOVE = YES;
				CLANG_WARN_UNREACHABLE_CODE = YES;
				CLANG_WARN__DUPLICATE_METHOD_MATCH = YES;
				"CODE_SIGN_IDENTITY[sdk=iphoneos*]" = "iPhone Developer";
				COPY_PHASE_STRIP = NO;
				DEBUG_INFORMATION_FORMAT = "dwarf-with-dsym";
				ENABLE_NS_ASSERTIONS = NO;
				ENABLE_STRICT_OBJC_MSGSEND = YES;
				GCC_C_LANGUAGE_STANDARD = gnu99;
				GCC_NO_COMMON_BLOCKS = YES;
				GCC_WARN_64_TO_32_BIT_CONVERSION = YES;
				GCC_WARN_ABOUT_RETURN_TYPE = YES_ERROR;
				GCC_WARN_UNDECLARED_SELECTOR = YES;
				GCC_WARN_UNINITIALIZED_AUTOS = YES_AGGRESSIVE;
				GCC_WARN_UNUSED_FUNCTION = YES;
				GCC_WARN_UNUSED_VARIABLE = YES;
				IPHONEOS_DEPLOYMENT_TARGET = 10.2;
				MTL_ENABLE_DEBUG_INFO = NO;
				SDKROOT = iphoneos;
				SWIFT_OPTIMIZATION_LEVEL = "-Owholemodule";
				TARGETED_DEVICE_FAMILY = "1,2";
				VALIDATE_PRODUCT = YES;
			};
			name = Release;
		};
		5331DAA11E847EB5009FB93D /* Debug */ = {
			isa = XCBuildConfiguration;
			buildSettings = {
				ASSETCATALOG_COMPILER_APPICON_NAME = AppIcon;
				INFOPLIST_FILE = Canvas/Info.plist;
				LD_RUNPATH_SEARCH_PATHS = "$(inherited) @executable_path/Frameworks";
				PRODUCT_BUNDLE_IDENTIFIER = com.Gokulsree.Canvas;
				PRODUCT_NAME = "$(TARGET_NAME)";
				SWIFT_VERSION = 3.0;
			};
			name = Debug;
		};
		5331DAA21E847EB5009FB93D /* Release */ = {
			isa = XCBuildConfiguration;
			buildSettings = {
				ASSETCATALOG_COMPILER_APPICON_NAME = AppIcon;
				INFOPLIST_FILE = Canvas/Info.plist;
				LD_RUNPATH_SEARCH_PATHS = "$(inherited) @executable_path/Frameworks";
				PRODUCT_BUNDLE_IDENTIFIER = com.Gokulsree.Canvas;
				PRODUCT_NAME = "$(TARGET_NAME)";
				SWIFT_VERSION = 3.0;
			};
			name = Release;
		};
/* End XCBuildConfiguration section */

/* Begin XCConfigurationList section */
		5331DA891E847EB5009FB93D /* Build configuration list for PBXProject "Canvas" */ = {
			isa = XCConfigurationList;
			buildConfigurations = (
				5331DA9E1E847EB5009FB93D /* Debug */,
				5331DA9F1E847EB5009FB93D /* Release */,
			);
			defaultConfigurationIsVisible = 0;
			defaultConfigurationName = Release;
		};
		5331DAA01E847EB5009FB93D /* Build configuration list for PBXNativeTarget "Canvas" */ = {
			isa = XCConfigurationList;
			buildConfigurations = (
				5331DAA11E847EB5009FB93D /* Debug */,
				5331DAA21E847EB5009FB93D /* Release */,
			);
			defaultConfigurationIsVisible = 0;
		};
/* End XCConfigurationList section */
	};
	rootObject = 5331DA861E847EB5009FB93D /* Project object */;
}
